Microsoft Visual Studio Solution File, Format Version 12.00
# Visual Studio Version 17
VisualStudioVersion = 17.5.2.0
MinimumVisualStudioVersion = 10.0.40219.1
Project("{2150E333-8FDC-42A3-9474-1A3956D46DE8}") = "parameters", "parameters", "{66A9EE07-99DC-9CD7-2B9D-407962D7566F}"
EndProject
Project("{FAE04EC0-301F-11D3-BF4B-00C04F79EFBC}") = "TestProject", "parameters\TestProject\TestProject.csproj", "{04BDB7EF-77D9-D5AD-382F-ADE774029BF9}"
EndProject
Global
	GlobalSection(SolutionConfigurationPlatforms) = preSolution
		Debug|Any CPU = Debug|Any CPU
		Release|Any CPU = Release|Any CPU
	EndGlobalSection
	GlobalSection(ProjectConfigurationPlatforms) = postSolution
		{04BDB7EF-77D9-D5AD-382F-ADE774029BF9}.Debug|Any CPU.ActiveCfg = Debug|Any CPU
		{04BDB7EF-77D9-D5AD-382F-ADE774029BF9}.Debug|Any CPU.Build.0 = Debug|Any CPU
		{04BDB7EF-77D9-D5AD-382F-ADE774029BF9}.Release|Any CPU.ActiveCfg = Release|Any CPU
		{04BDB7EF-77D9-D5AD-382F-ADE774029BF9}.Release|Any CPU.Build.0 = Release|Any CPU
	EndGlobalSection
	GlobalSection(SolutionProperties) = preSolution
		HideSolutionNode = FALSE
	EndGlobalSection
	GlobalSection(NestedProjects) = preSolution
		{04BDB7EF-77D9-D5AD-382F-ADE774029BF9} = {66A9EE07-99DC-9CD7-2B9D-407962D7566F}
	EndGlobalSection
	GlobalSection(ExtensibilityGlobals) = postSolution
		SolutionGuid = {C55A8C5F-4F7D-42C3-8B9B-A097014447D0}
	EndGlobalSection
EndGlobal
